
Microsoft Visual Studio Solution File, Format Version 12.00
# Visual Studio Version 16
VisualStudioVersion = 16.0.29215.179
MinimumVisualStudioVersion = 10.0.40219.1
Project("{2150E333-8FDC-42A3-9474-1A3956D46DE8}") = "src", "src", "{39FA464A-0D7E-4A4D-9525-6124F2C6E9E8}"
EndProject
Project("{2150E333-8FDC-42A3-9474-1A3956D46DE8}") = "Solution Items", "Solution Items", "{2FBB025F-C1F3-485F-8AAB-200EA33BA294}"
	ProjectSection(SolutionItems) = preProject
		docker-compose.yml = docker-compose.yml
	EndProjectSection
EndProject
Project("{2150E333-8FDC-42A3-9474-1A3956D46DE8}") = "Authentication", "Authentication", "{9996EF11-0631-4FA4-88E5-4A880E155CC0}"
EndProject
Project("{2150E333-8FDC-42A3-9474-1A3956D46DE8}") = "TripManagement", "TripManagement", "{33E4A7F1-E24A-4C26-A777-063BF114916C}"
EndProject
Project("{2150E333-8FDC-42A3-9474-1A3956D46DE8}") = "tests", "tests", "{1AC6E70E-45E4-4DCE-A925-AFECCFD511BE}"
EndProject
Project("{2150E333-8FDC-42A3-9474-1A3956D46DE8}") = "VechileManagement", "VechileManagement", "{71BFF1AB-F47D-495D-BF71-584B29E44401}"
EndProject
Project("{9A19103F-16F7-4668-BE54-9A1E7A4F7556}") = "TripManagement.API", "src\Services\TripManagement\TripManagement.API\TripManagement.API.csproj", "{705FD98A-70AA-4700-B567-80FCA41D4997}"
EndProject
Project("{9A19103F-16F7-4668-BE54-9A1E7A4F7556}") = "VehicleManagement.API", "src\Services\VehicleManagement\VehicleManagement.API\VehicleManagement.API.csproj", "{B11C47C7-C12F-4F75-B905-8C7886355C50}"
EndProject
Project("{2150E333-8FDC-42A3-9474-1A3956D46DE8}") = "UserManagement", "UserManagement", "{AAC59BFE-8485-4BA9-886A-3910E346859F}"
EndProject
Project("{9A19103F-16F7-4668-BE54-9A1E7A4F7556}") = "UserManagement.API", "src\Services\UserManagement\UserManagement.API\UserManagement.API.csproj", "{90002A2B-AD37-467F-A3B3-1656B6B8C314}"
EndProject
Project("{9A19103F-16F7-4668-BE54-9A1E7A4F7556}") = "Authentication.API", "src\Services\Authentication\Authentication.API\Authentication.API.csproj", "{B32BD26C-D943-4F62-BBC5-3DC0CA450C95}"
EndProject
Project("{9A19103F-16F7-4668-BE54-9A1E7A4F7556}") = "TripManagement.Test", "src\Services\TripManagement\TripManagement.Test\TripManagement.Test.csproj", "{A98B07B4-20F3-4320-947A-2B7DE0863A0A}"
EndProject
Project("{2150E333-8FDC-42A3-9474-1A3956D46DE8}") = "Services", "Services", "{E7C07088-91BE-42A3-AB0E-DCFBF70A74B8}"
EndProject
Project("{2150E333-8FDC-42A3-9474-1A3956D46DE8}") = "Gateway", "Gateway", "{51E967FE-A83F-466F-A833-6657FB28F026}"
EndProject
Project("{9A19103F-16F7-4668-BE54-9A1E7A4F7556}") = "OcelotApiGw", "src\Gateway\OcelotApiGw.csproj", "{E0E2716F-042A-4439-8E74-C5428183BDED}"
EndProject
Project("{2150E333-8FDC-42A3-9474-1A3956D46DE8}") = "WebSPA", "WebSPA", "{F3A9BA3F-FE10-47DC-95AB-79D56E33D3BA}"
EndProject
Global
	GlobalSection(SolutionConfigurationPlatforms) = preSolution
		Debug|Any CPU = Debug|Any CPU
		Release|Any CPU = Release|Any CPU
	EndGlobalSection
	GlobalSection(ProjectConfigurationPlatforms) = postSolution
		{705FD98A-70AA-4700-B567-80FCA41D4997}.Debug|Any CPU.ActiveCfg = Debug|Any CPU
		{705FD98A-70AA-4700-B567-80FCA41D4997}.Debug|Any CPU.Build.0 = Debug|Any CPU
		{705FD98A-70AA-4700-B567-80FCA41D4997}.Release|Any CPU.ActiveCfg = Release|Any CPU
		{705FD98A-70AA-4700-B567-80FCA41D4997}.Release|Any CPU.Build.0 = Release|Any CPU
		{B11C47C7-C12F-4F75-B905-8C7886355C50}.Debug|Any CPU.ActiveCfg = Debug|Any CPU
		{B11C47C7-C12F-4F75-B905-8C7886355C50}.Debug|Any CPU.Build.0 = Debug|Any CPU
		{B11C47C7-C12F-4F75-B905-8C7886355C50}.Release|Any CPU.ActiveCfg = Release|Any CPU
		{B11C47C7-C12F-4F75-B905-8C7886355C50}.Release|Any CPU.Build.0 = Release|Any CPU
		{90002A2B-AD37-467F-A3B3-1656B6B8C314}.Debug|Any CPU.ActiveCfg = Debug|Any CPU
		{90002A2B-AD37-467F-A3B3-1656B6B8C314}.Debug|Any CPU.Build.0 = Debug|Any CPU
		{90002A2B-AD37-467F-A3B3-1656B6B8C314}.Release|Any CPU.ActiveCfg = Release|Any CPU
		{90002A2B-AD37-467F-A3B3-1656B6B8C314}.Release|Any CPU.Build.0 = Release|Any CPU
		{B32BD26C-D943-4F62-BBC5-3DC0CA450C95}.Debug|Any CPU.ActiveCfg = Debug|Any CPU
		{B32BD26C-D943-4F62-BBC5-3DC0CA450C95}.Debug|Any CPU.Build.0 = Debug|Any CPU
		{B32BD26C-D943-4F62-BBC5-3DC0CA450C95}.Release|Any CPU.ActiveCfg = Release|Any CPU
		{B32BD26C-D943-4F62-BBC5-3DC0CA450C95}.Release|Any CPU.Build.0 = Release|Any CPU
		{A98B07B4-20F3-4320-947A-2B7DE0863A0A}.Debug|Any CPU.ActiveCfg = Debug|Any CPU
		{A98B07B4-20F3-4320-947A-2B7DE0863A0A}.Debug|Any CPU.Build.0 = Debug|Any CPU
		{A98B07B4-20F3-4320-947A-2B7DE0863A0A}.Release|Any CPU.ActiveCfg = Release|Any CPU
		{A98B07B4-20F3-4320-947A-2B7DE0863A0A}.Release|Any CPU.Build.0 = Release|Any CPU
		{E0E2716F-042A-4439-8E74-C5428183BDED}.Debug|Any CPU.ActiveCfg = Debug|Any CPU
		{E0E2716F-042A-4439-8E74-C5428183BDED}.Debug|Any CPU.Build.0 = Debug|Any CPU
		{E0E2716F-042A-4439-8E74-C5428183BDED}.Release|Any CPU.ActiveCfg = Release|Any CPU
		{E0E2716F-042A-4439-8E74-C5428183BDED}.Release|Any CPU.Build.0 = Release|Any CPU
	EndGlobalSection
	GlobalSection(SolutionProperties) = preSolution
		HideSolutionNode = FALSE
	EndGlobalSection
	GlobalSection(NestedProjects) = preSolution
		{9996EF11-0631-4FA4-88E5-4A880E155CC0} = {E7C07088-91BE-42A3-AB0E-DCFBF70A74B8}
		{33E4A7F1-E24A-4C26-A777-063BF114916C} = {E7C07088-91BE-42A3-AB0E-DCFBF70A74B8}
		{1AC6E70E-45E4-4DCE-A925-AFECCFD511BE} = {33E4A7F1-E24A-4C26-A777-063BF114916C}
		{71BFF1AB-F47D-495D-BF71-584B29E44401} = {E7C07088-91BE-42A3-AB0E-DCFBF70A74B8}
		{705FD98A-70AA-4700-B567-80FCA41D4997} = {33E4A7F1-E24A-4C26-A777-063BF114916C}
		{B11C47C7-C12F-4F75-B905-8C7886355C50} = {71BFF1AB-F47D-495D-BF71-584B29E44401}
		{AAC59BFE-8485-4BA9-886A-3910E346859F} = {E7C07088-91BE-42A3-AB0E-DCFBF70A74B8}
		{90002A2B-AD37-467F-A3B3-1656B6B8C314} = {AAC59BFE-8485-4BA9-886A-3910E346859F}
		{B32BD26C-D943-4F62-BBC5-3DC0CA450C95} = {9996EF11-0631-4FA4-88E5-4A880E155CC0}
		{A98B07B4-20F3-4320-947A-2B7DE0863A0A} = {1AC6E70E-45E4-4DCE-A925-AFECCFD511BE}
		{E7C07088-91BE-42A3-AB0E-DCFBF70A74B8} = {39FA464A-0D7E-4A4D-9525-6124F2C6E9E8}
		{51E967FE-A83F-466F-A833-6657FB28F026} = {39FA464A-0D7E-4A4D-9525-6124F2C6E9E8}
		{E0E2716F-042A-4439-8E74-C5428183BDED} = {51E967FE-A83F-466F-A833-6657FB28F026}
		{F3A9BA3F-FE10-47DC-95AB-79D56E33D3BA} = {39FA464A-0D7E-4A4D-9525-6124F2C6E9E8}
	EndGlobalSection
	GlobalSection(ExtensibilityGlobals) = postSolution
		SolutionGuid = {04B0D0E6-0F0D-4A71-9395-8348EE08C2A8}
	EndGlobalSection
EndGlobal
